Microsoft Visual Studio Solution File, Format Version 12.00
# Visual Studio Version 17
VisualStudioVersion = 17.5.2.0
MinimumVisualStudioVersion = 10.0.40219.1
Project("{FAE04EC0-301F-11D3-BF4B-00C04F79EFBC}") = "NanoGuardian.App", "NanoGuardian.App.csproj", "{06B42675-7EC7-4A52-6A25-2DED096C1D95}"
EndProject
Global
	GlobalSection(SolutionConfigurationPlatforms) = preSolution
		Debug|Any CPU = Debug|Any CPU
		Release|Any CPU = Release|Any CPU
	EndGlobalSection
	GlobalSection(ProjectConfigurationPlatforms) = postSolution
		{06B42675-7EC7-4A52-6A25-2DED096C1D95}.Debug|Any CPU.ActiveCfg = Debug|Any CPU
		{06B42675-7EC7-4A52-6A25-2DED096C1D95}.Debug|Any CPU.Build.0 = Debug|Any CPU
		{06B42675-7EC7-4A52-6A25-2DED096C1D95}.Release|Any CPU.ActiveCfg = Release|Any CPU
		{06B42675-7EC7-4A52-6A25-2DED096C1D95}.Release|Any CPU.Build.0 = Release|Any CPU
	EndGlobalSection
	GlobalSection(SolutionProperties) = preSolution
		HideSolutionNode = FALSE
	EndGlobalSection
	GlobalSection(ExtensibilityGlobals) = postSolution
		SolutionGuid = {BE3A97EF-5E18-4C5F-8601-196C00948C5B}
	EndGlobalSection
EndGlobal
